
Microsoft Visual Studio Solution File, Format Version 12.00
# Visual Studio Version 17
VisualStudioVersion = 17.12.35707.178
MinimumVisualStudioVersion = 10.0.40219.1
Project("{2150E333-8FDC-42A3-9474-1A3956D46DE8}") = "Backend", "Backend", "{5782EE21-9C3B-47AA-96AF-D7374BAEF5CF}"
EndProject
Project("{2150E333-8FDC-42A3-9474-1A3956D46DE8}") = "Frontend", "Frontend", "{5903F13C-DDC7-41DE-8C61-3A87FD5B04B9}"
EndProject
Project("{2150E333-8FDC-42A3-9474-1A3956D46DE8}") = "Shared", "Shared", "{7DC846D2-E1EC-4F54-AA82-162F582476DF}"
EndProject
Project("{FAE04EC0-301F-11D3-BF4B-00C04F79EFBC}") = "Open24.Domain", "Open24.Domain\Open24.Domain.csproj", "{7D194100-A473-446A-A693-F47C11F04709}"
EndProject
Project("{FAE04EC0-301F-11D3-BF4B-00C04F79EFBC}") = "Open24.Infra.Data", "Open24.Infrastructure\Open24.Infra.Data.csproj", "{B2D8CCB8-0F11-4B42-9563-F60A9F224B75}"
EndProject
Project("{FAE04EC0-301F-11D3-BF4B-00C04F79EFBC}") = "Open24.Application", "Open24.Application\Open24.Application.csproj", "{52639357-46F4-4FFA-9792-62B6BF47BDEC}"
EndProject
Project("{FAE04EC0-301F-11D3-BF4B-00C04F79EFBC}") = "Open24.IoC", "Open24.IoC\Open24.IoC.csproj", "{E404BCC5-2895-4D3E-9514-F3FEF78089C9}"
EndProject
Project("{FAE04EC0-301F-11D3-BF4B-00C04F79EFBC}") = "Open24.Shared", "Open24.Shared\Open24.Shared.csproj", "{4AE48B5E-918B-482F-9D75-64A52F6156BD}"
EndProject
Project("{FAE04EC0-301F-11D3-BF4B-00C04F79EFBC}") = "Open24.Api", "Open24.Api\Open24.Api.csproj", "{46FCA5A3-332D-4509-922B-4F6C4F2E6029}"
EndProject
Project("{2150E333-8FDC-42A3-9474-1A3956D46DE8}") = "WebApp", "WebApp", "{4978D3B4-D551-46BB-84BB-FD1865B27473}"
EndProject
Project("{2150E333-8FDC-42A3-9474-1A3956D46DE8}") = "CrossApp", "CrossApp", "{919062F9-79B4-4634-A4FD-7FBB41FD5C6A}"
EndProject
Project("{FAE04EC0-301F-11D3-BF4B-00C04F79EFBC}") = "Open24.CrossApp", "Open24.CrossApp\Open24.CrossApp.csproj", "{EB38B864-2E4D-40F6-93C4-2E52EA7B7937}"
EndProject
Global
	GlobalSection(SolutionConfigurationPlatforms) = preSolution
		Debug|Any CPU = Debug|Any CPU
		Release|Any CPU = Release|Any CPU
	EndGlobalSection
	GlobalSection(ProjectConfigurationPlatforms) = postSolution
		{7D194100-A473-446A-A693-F47C11F04709}.Debug|Any CPU.ActiveCfg = Debug|Any CPU
		{7D194100-A473-446A-A693-F47C11F04709}.Debug|Any CPU.Build.0 = Debug|Any CPU
		{7D194100-A473-446A-A693-F47C11F04709}.Release|Any CPU.ActiveCfg = Release|Any CPU
		{7D194100-A473-446A-A693-F47C11F04709}.Release|Any CPU.Build.0 = Release|Any CPU
		{B2D8CCB8-0F11-4B42-9563-F60A9F224B75}.Debug|Any CPU.ActiveCfg = Debug|Any CPU
		{B2D8CCB8-0F11-4B42-9563-F60A9F224B75}.Debug|Any CPU.Build.0 = Debug|Any CPU
		{B2D8CCB8-0F11-4B42-9563-F60A9F224B75}.Release|Any CPU.ActiveCfg = Release|Any CPU
		{B2D8CCB8-0F11-4B42-9563-F60A9F224B75}.Release|Any CPU.Build.0 = Release|Any CPU
		{52639357-46F4-4FFA-9792-62B6BF47BDEC}.Debug|Any CPU.ActiveCfg = Debug|Any CPU
		{52639357-46F4-4FFA-9792-62B6BF47BDEC}.Debug|Any CPU.Build.0 = Debug|Any CPU
		{52639357-46F4-4FFA-9792-62B6BF47BDEC}.Release|Any CPU.ActiveCfg = Release|Any CPU
		{52639357-46F4-4FFA-9792-62B6BF47BDEC}.Release|Any CPU.Build.0 = Release|Any CPU
		{E404BCC5-2895-4D3E-9514-F3FEF78089C9}.Debug|Any CPU.ActiveCfg = Debug|Any CPU
		{E404BCC5-2895-4D3E-9514-F3FEF78089C9}.Debug|Any CPU.Build.0 = Debug|Any CPU
		{E404BCC5-2895-4D3E-9514-F3FEF78089C9}.Release|Any CPU.ActiveCfg = Release|Any CPU
		{E404BCC5-2895-4D3E-9514-F3FEF78089C9}.Release|Any CPU.Build.0 = Release|Any CPU
		{4AE48B5E-918B-482F-9D75-64A52F6156BD}.Debug|Any CPU.ActiveCfg = Debug|Any CPU
		{4AE48B5E-918B-482F-9D75-64A52F6156BD}.Debug|Any CPU.Build.0 = Debug|Any CPU
		{4AE48B5E-918B-482F-9D75-64A52F6156BD}.Release|Any CPU.ActiveCfg = Release|Any CPU
		{4AE48B5E-918B-482F-9D75-64A52F6156BD}.Release|Any CPU.Build.0 = Release|Any CPU
		{46FCA5A3-332D-4509-922B-4F6C4F2E6029}.Debug|Any CPU.ActiveCfg = Debug|Any CPU
		{46FCA5A3-332D-4509-922B-4F6C4F2E6029}.Debug|Any CPU.Build.0 = Debug|Any CPU
		{46FCA5A3-332D-4509-922B-4F6C4F2E6029}.Release|Any CPU.ActiveCfg = Release|Any CPU
		{46FCA5A3-332D-4509-922B-4F6C4F2E6029}.Release|Any CPU.Build.0 = Release|Any CPU
		{EB38B864-2E4D-40F6-93C4-2E52EA7B7937}.Debug|Any CPU.ActiveCfg = Debug|Any CPU
		{EB38B864-2E4D-40F6-93C4-2E52EA7B7937}.Debug|Any CPU.Build.0 = Debug|Any CPU
		{EB38B864-2E4D-40F6-93C4-2E52EA7B7937}.Debug|Any CPU.Deploy.0 = Debug|Any CPU
		{EB38B864-2E4D-40F6-93C4-2E52EA7B7937}.Release|Any CPU.ActiveCfg = Release|Any CPU
		{EB38B864-2E4D-40F6-93C4-2E52EA7B7937}.Release|Any CPU.Build.0 = Release|Any CPU
		{EB38B864-2E4D-40F6-93C4-2E52EA7B7937}.Release|Any CPU.Deploy.0 = Release|Any CPU
	EndGlobalSection
	GlobalSection(SolutionProperties) = preSolution
		HideSolutionNode = FALSE
	EndGlobalSection
	GlobalSection(NestedProjects) = preSolution
		{7D194100-A473-446A-A693-F47C11F04709} = {5782EE21-9C3B-47AA-96AF-D7374BAEF5CF}
		{B2D8CCB8-0F11-4B42-9563-F60A9F224B75} = {5782EE21-9C3B-47AA-96AF-D7374BAEF5CF}
		{52639357-46F4-4FFA-9792-62B6BF47BDEC} = {5782EE21-9C3B-47AA-96AF-D7374BAEF5CF}
		{E404BCC5-2895-4D3E-9514-F3FEF78089C9} = {5782EE21-9C3B-47AA-96AF-D7374BAEF5CF}
		{4AE48B5E-918B-482F-9D75-64A52F6156BD} = {7DC846D2-E1EC-4F54-AA82-162F582476DF}
		{46FCA5A3-332D-4509-922B-4F6C4F2E6029} = {5782EE21-9C3B-47AA-96AF-D7374BAEF5CF}
		{4978D3B4-D551-46BB-84BB-FD1865B27473} = {5903F13C-DDC7-41DE-8C61-3A87FD5B04B9}
		{919062F9-79B4-4634-A4FD-7FBB41FD5C6A} = {5903F13C-DDC7-41DE-8C61-3A87FD5B04B9}
		{EB38B864-2E4D-40F6-93C4-2E52EA7B7937} = {919062F9-79B4-4634-A4FD-7FBB41FD5C6A}
	EndGlobalSection
EndGlobal
